// !$*UTF8*$!
{
	archiveVersion = 1;
	classes = {
	};
	objectVersion = 46;
	objects = {

/* Begin PBXBuildFile section */
		6B8CA1D51CE965A90029651C /* main.m in Sources */ = {isa = PBXBuildFile; fileRef = 6B8CA1D41CE965A90029651C /* main.m */; };
		6B8CA1D81CE965A90029651C /* AppDelegate.m in Sources */ = {isa = PBXBuildFile; fileRef = 6B8CA1D71CE965A90029651C /* AppDelegate.m */; };
		6B8CA1DB1CE965A90029651C /* ViewController.m in Sources */ = {isa = PBXBuildFile; fileRef = 6B8CA1DA1CE965A90029651C /* ViewController.m */; };
		6B8CA1DE1CE965A90029651C /* Main.storyboard in Resources */ = {isa = PBXBuildFile; fileRef = 6B8CA1DC1CE965A90029651C /* Main.storyboard */; };
		6B8CA1E01CE965A90029651C /* Assets.xcassets in Resources */ = {isa = PBXBuildFile; fileRef = 6B8CA1DF1CE965A90029651C /* Assets.xcassets */; };
		6B8CA1E31CE965A90029651C /* LaunchScreen.storyboard in Resources */ = {isa = PBXBuildFile; fileRef = 6B8CA1E11CE965A90029651C /* LaunchScreen.storyboard */; };
		6B8CA1EE1CE965A90029651C /* SubLayersDemoTests.m in Sources */ = {isa = PBXBuildFile; fileRef = 6B8CA1ED1CE965A90029651C /* SubLayersDemoTests.m */; };
		6B8CA1F91CE965A90029651C /* SubLayersDemoUITests.m in Sources */ = {isa = PBXBuildFile; fileRef = 6B8CA1F81CE965A90029651C /* SubLayersDemoUITests.m */; };
		6B8CA20F1CE969420029651C /* CAShapeLayerTestView.m in Sources */ = {isa = PBXBuildFile; fileRef = 6B8CA20E1CE969420029651C /* CAShapeLayerTestView.m */; };
/* End PBXBuildFile section */

/* Begin PBXContainerItemProxy section */
		6B8CA1EA1CE965A90029651C /* PBXContainerItemProxy */ = {
			isa = PBXContainerItemProxy;
			containerPortal = 6B8CA1C81CE965A90029651C /* Project object */;
			proxyType = 1;
			remoteGlobalIDString = 6B8CA1CF1CE965A90029651C;
			remoteInfo = SubLayersDemo;
		};
		6B8CA1F51CE965A90029651C /* PBXContainerItemProxy */ = {
			isa = PBXContainerItemProxy;
			containerPortal = 6B8CA1C81CE965A90029651C /* Project object */;
			proxyType = 1;
			remoteGlobalIDString = 6B8CA1CF1CE965A90029651C;
			remoteInfo = SubLayersDemo;
		};
/* End PBXContainerItemProxy section */

/* Begin PBXFileReference section */
		6B8CA1D01CE965A90029651C /* SubLayersDemo.app */ = {isa = PBXFileReference; explicitFileType = wrapper.application; includeInIndex = 0; path = SubLayersDemo.app; sourceTree = BUILT_PRODUCTS_DIR; };
		6B8CA1D41CE965A90029651C /* main.m */ = {isa = PBXFileReference; lastKnownFileType = sourcecode.c.objc; path = main.m; sourceTree = "<group>"; };
		6B8CA1D61CE965A90029651C /* AppDelegate.h */ = {isa = PBXFileReference; lastKnownFileType = sourcecode.c.h; path = AppDelegate.h; sourceTree = "<group>"; };
		6B8CA1D71CE965A90029651C /* AppDelegate.m */ = {isa = PBXFileReference; lastKnownFileType = sourcecode.c.objc; path = AppDelegate.m; sourceTree = "<group>"; };
		6B8CA1D91CE965A90029651C /* ViewController.h */ = {isa = PBXFileReference; lastKnownFileType = sourcecode.c.h; path = ViewController.h; sourceTree = "<group>"; };
		6B8CA1DA1CE965A90029651C /* ViewController.m */ = {isa = PBXFileReference; lastKnownFileType = sourcecode.c.objc; path = ViewController.m; sourceTree = "<group>"; };
		6B8CA1DD1CE965A90029651C /* Base */ = {isa = PBXFileReference; lastKnownFileType = file.storyboard; name = Base; path = Base.lproj/Main.storyboard; sourceTree = "<group>"; };
		6B8CA1DF1CE965A90029651C /* Assets.xcassets */ = {isa = PBXFileReference; lastKnownFileType = folder.assetcatalog; path = Assets.xcassets; sourceTree = "<group>"; };
		6B8CA1E21CE965A90029651C /* Base */ = {isa = PBXFileReference; lastKnownFileType = file.storyboard; name = Base; path = Base.lproj/LaunchScreen.storyboard; sourceTree = "<group>"; };
		6B8CA1E41CE965A90029651C /* Info.plist */ = {isa = PBXFileReference; lastKnownFileType = text.plist.xml; path = Info.plist; sourceTree = "<group>"; };
		6B8CA1E91CE965A90029651C /* SubLayersDemoTests.xctest */ = {isa = PBXFileReference; explicitFileType = wrapper.cfbundle; includeInIndex = 0; path = SubLayersDemoTests.xctest; sourceTree = BUILT_PRODUCTS_DIR; };
		6B8CA1ED1CE965A90029651C /* SubLayersDemoTests.m */ = {isa = PBXFileReference; lastKnownFileType = sourcecode.c.objc; path = SubLayersDemoTests.m; sourceTree = "<group>"; };
		6B8CA1EF1CE965A90029651C /* Info.plist */ = {isa = PBXFileReference; lastKnownFileType = text.plist.xml; path = Info.plist; sourceTree = "<group>"; };
		6B8CA1F41CE965A90029651C /* SubLayersDemoUITests.xctest */ = {isa = PBXFileReference; explicitFileType = wrapper.cfbundle; includeInIndex = 0; path = SubLayersDemoUITests.xctest; sourceTree = BUILT_PRODUCTS_DIR; };
		6B8CA1F81CE965A90029651C /* SubLayersDemoUITests.m */ = {isa = PBXFileReference; lastKnownFileType = sourcecode.c.objc; path = SubLayersDemoUITests.m; sourceTree = "<group>"; };
		6B8CA1FA1CE965A90029651C /* Info.plist */ = {isa = PBXFileReference; lastKnownFileType = text.plist.xml; path = Info.plist; sourceTree = "<group>"; };
		6B8CA20D1CE969420029651C /* CAShapeLayerTestView.h */ = {isa = PBXFileReference; fileEncoding = 4; lastKnownFileType = sourcecode.c.h; path = CAShapeLayerTestView.h; sourceTree = "<group>"; };
		6B8CA20E1CE969420029651C /* CAShapeLayerTestView.m */ = {isa = PBXFileReference; fileEncoding = 4; lastKnownFileType = sourcecode.c.objc; path = CAShapeLayerTestView.m; sourceTree = "<group>"; };
/* End PBXFileReference section */

/* Begin PBXFrameworksBuildPhase section */
		6B8CA1CD1CE965A90029651C /* Frameworks */ = {
			isa = PBXFrameworksBuildPhase;
			buildActionMask = 2147483647;
			files = (
			);
			runOnlyForDeploymentPostprocessing = 0;
		};
		6B8CA1E61CE965A90029651C /* Frameworks */ = {
			isa = PBXFrameworksBuildPhase;
			buildActionMask = 2147483647;
			files = (
			);
			runOnlyForDeploymentPostprocessing = 0;
		};
		6B8CA1F11CE965A90029651C /* Frameworks */ = {
			isa = PBXFrameworksBuildPhase;
			buildActionMask = 2147483647;
			files = (
			);
			runOnlyForDeploymentPostprocessing = 0;
		};
/* End PBXFrameworksBuildPhase section */

/* Begin PBXGroup section */
		6B8CA1C71CE965A90029651C = {
			isa = PBXGroup;
			children = (
				6B8CA1D21CE965A90029651C /* SubLayersDemo */,
				6B8CA1EC1CE965A90029651C /* SubLayersDemoTests */,
				6B8CA1F71CE965A90029651C /* SubLayersDemoUITests */,
				6B8CA1D11CE965A90029651C /* Products */,
			);
			sourceTree = "<group>";
		};
		6B8CA1D11CE965A90029651C /* Products */ = {
			isa = PBXGroup;
			children = (
				6B8CA1D01CE965A90029651C /* SubLayersDemo.app */,
				6B8CA1E91CE965A90029651C /* SubLayersDemoTests.xctest */,
				6B8CA1F41CE965A90029651C /* SubLayersDemoUITests.xctest */,
			);
			name = Products;
			sourceTree = "<group>";
		};
		6B8CA1D21CE965A90029651C /* SubLayersDemo */ = {
			isa = PBXGroup;
			children = (
				6B8CA2091CE966170029651C /* SubLayerTest */,
				6B8CA1D61CE965A90029651C /* AppDelegate.h */,
				6B8CA1D71CE965A90029651C /* AppDelegate.m */,
				6B8CA1D91CE965A90029651C /* ViewController.h */,
				6B8CA1DA1CE965A90029651C /* ViewController.m */,
				6B8CA1DC1CE965A90029651C /* Main.storyboard */,
				6B8CA1DF1CE965A90029651C /* Assets.xcassets */,
				6B8CA1E11CE965A90029651C /* LaunchScreen.storyboard */,
				6B8CA1E41CE965A90029651C /* Info.plist */,
				6B8CA1D31CE965A90029651C /* Supporting Files */,
			);
			path = SubLayersDemo;
			sourceTree = "<group>";
		};
		6B8CA1D31CE965A90029651C /* Supporting Files */ = {
			isa = PBXGroup;
			children = (
				6B8CA1D41CE965A90029651C /* main.m */,
			);
			name = "Supporting Files";
			sourceTree = "<group>";
		};
		6B8CA1EC1CE965A90029651C /* SubLayersDemoTests */ = {
			isa = PBXGroup;
			children = (
				6B8CA1ED1CE965A90029651C /* SubLayersDemoTests.m */,
				6B8CA1EF1CE965A90029651C /* Info.plist */,
			);
			path = SubLayersDemoTests;
			sourceTree = "<group>";
		};
		6B8CA1F71CE965A90029651C /* SubLayersDemoUITests */ = {
			isa = PBXGroup;
			children = (
				6B8CA1F81CE965A90029651C /* SubLayersDemoUITests.m */,
				6B8CA1FA1CE965A90029651C /* Info.plist */,
			);
			path = SubLayersDemoUITests;
			sourceTree = "<group>";
		};
		6B8CA2091CE966170029651C /* SubLayerTest */ = {
			isa = PBXGroup;
			children = (
				6B8CA20D1CE969420029651C /* CAShapeLayerTestView.h */,
				6B8CA20E1CE969420029651C /* CAShapeLayerTestView.m */,
			);
			path = SubLayerTest;
			sourceTree = "<group>";
		};
/* End PBXGroup section */

/* Begin PBXNativeTarget section */
		6B8CA1CF1CE965A90029651C /* SubLayersDemo */ = {
			isa = PBXNativeTarget;
			buildConfigurationList = 6B8CA1FD1CE965AA0029651C /* Build configuration list for PBXNativeTarget "SubLayersDemo" */;
			buildPhases = (
				6B8CA1CC1CE965A90029651C /* Sources */,
				6B8CA1CD1CE965A90029651C /* Frameworks */,
				6B8CA1CE1CE965A90029651C /* Resources */,
			);
			buildRules = (
			);
			dependencies = (
			);
			name = SubLayersDemo;
			productName = SubLayersDemo;
			productReference = 6B8CA1D01CE965A90029651C /* SubLayersDemo.app */;
			productType = "com.apple.product-type.application";
		};
		6B8CA1E81CE965A90029651C /* SubLayersDemoTests */ = {
			isa = PBXNativeTarget;
			buildConfigurationList = 6B8CA2001CE965AA0029651C /* Build configuration list for PBXNativeTarget "SubLayersDemoTests" */;
			buildPhases = (
				6B8CA1E51CE965A90029651C /* Sources */,
				6B8CA1E61CE965A90029651C /* Frameworks */,
				6B8CA1E71CE965A90029651C /* Resources */,
			);
			buildRules = (
			);
			dependencies = (
				6B8CA1EB1CE965A90029651C /* PBXTargetDependency */,
			);
			name = SubLayersDemoTests;
			productName = SubLayersDemoTests;
			productReference = 6B8CA1E91CE965A90029651C /* SubLayersDemoTests.xctest */;
			productType = "com.apple.product-type.bundle.unit-test";
		};
		6B8CA1F31CE965A90029651C /* SubLayersDemoUITests */ = {
			isa = PBXNativeTarget;
			buildConfigurationList = 6B8CA2031CE965AA0029651C /* Build configuration list for PBXNativeTarget "SubLayersDemoUITests" */;
			buildPhases = (
				6B8CA1F01CE965A90029651C /* Sources */,
				6B8CA1F11CE965A90029651C /* Frameworks */,
				6B8CA1F21CE965A90029651C /* Resources */,
			);
			buildRules = (
			);
			dependencies = (
				6B8CA1F61CE965A90029651C /* PBXTargetDependency */,
			);
			name = SubLayersDemoUITests;
			productName = SubLayersDemoUITests;
			productReference = 6B8CA1F41CE965A90029651C /* SubLayersDemoUITests.xctest */;
			productType = "com.apple.product-type.bundle.ui-testing";
		};
/* End PBXNativeTarget section */

/* Begin PBXProject section */
		6B8CA1C81CE965A90029651C /* Project object */ = {
			isa = PBXProject;
			attributes = {
				LastUpgradeCheck = 0730;
				ORGANIZATIONNAME = KentonYu;
				TargetAttributes = {
					6B8CA1CF1CE965A90029651C = {
						CreatedOnToolsVersion = 7.3;
					};
					6B8CA1E81CE965A90029651C = {
						CreatedOnToolsVersion = 7.3;
						DevelopmentTeam = 483N8NX9HK;
						TestTargetID = 6B8CA1CF1CE965A90029651C;
					};
					6B8CA1F31CE965A90029651C = {
						CreatedOnToolsVersion = 7.3;
						DevelopmentTeam = 483N8NX9HK;
						TestTargetID = 6B8CA1CF1CE965A90029651C;
					};
				};
			};
			buildConfigurationList = 6B8CA1CB1CE965A90029651C /* Build configuration list for PBXProject "SubLayersDemo" */;
			compatibilityVersion = "Xcode 3.2";
			developmentRegion = English;
			hasScannedForEncodings = 0;
			knownRegions = (
				en,
				Base,
			);
			mainGroup = 6B8CA1C71CE965A90029651C;
			productRefGroup = 6B8CA1D11CE965A90029651C /* Products */;
			projectDirPath = "";
			projectRoot = "";
			targets = (
				6B8CA1CF1CE965A90029651C /* SubLayersDemo */,
				6B8CA1E81CE965A90029651C /* SubLayersDemoTests */,
				6B8CA1F31CE965A90029651C /* SubLayersDemoUITests */,
			);
		};
/* End PBXProject section */

/* Begin PBXResourcesBuildPhase section */
		6B8CA1CE1CE965A90029651C /* Resources */ = {
			isa = PBXResourcesBuildPhase;
			buildActionMask = 2147483647;
			files = (
				6B8CA1E31CE965A90029651C /* LaunchScreen.storyboard in Resources */,
				6B8CA1E01CE965A90029651C /* Assets.xcassets in Resources */,
				6B8CA1DE1CE965A90029651C /* Main.storyboard in Resources */,
			);
			runOnlyForDeploymentPostprocessing = 0;
		};
		6B8CA1E71CE965A90029651C /* Resources */ = {
			isa = PBXResourcesBuildPhase;
			buildActionMask = 2147483647;
			files = (
			);
			runOnlyForDeploymentPostprocessing = 0;
		};
		6B8CA1F21CE965A90029651C /* Resources */ = {
			isa = PBXResourcesBuildPhase;
			buildActionMask = 2147483647;
			files = (
			);
			runOnlyForDeploymentPostprocessing = 0;
		};
/* End PBXResourcesBuildPhase section */

/* Begin PBXSourcesBuildPhase section */
		6B8CA1CC1CE965A90029651C /* Sources */ = {
			isa = PBXSourcesBuildPhase;
			buildActionMask = 2147483647;
			files = (
				6B8CA1DB1CE965A90029651C /* ViewController.m in Sources */,
				6B8CA1D81CE965A90029651C /* AppDelegate.m in Sources */,
				6B8CA20F1CE969420029651C /* CAShapeLayerTestView.m in Sources */,
				6B8CA1D51CE965A90029651C /* main.m in Sources */,
			);
			runOnlyForDeploymentPostprocessing = 0;
		};
		6B8CA1E51CE965A90029651C /* Sources */ = {
			isa = PBXSourcesBuildPhase;
			buildActionMask = 2147483647;
			files = (
				6B8CA1EE1CE965A90029651C /* SubLayersDemoTests.m in Sources */,
			);
			runOnlyForDeploymentPostprocessing = 0;
		};
		6B8CA1F01CE965A90029651C /* Sources */ = {
			isa = PBXSourcesBuildPhase;
			buildActionMask = 2147483647;
			files = (
				6B8CA1F91CE965A90029651C /* SubLayersDemoUITests.m in Sources */,
			);
			runOnlyForDeploymentPostprocessing = 0;
		};
/* End PBXSourcesBuildPhase section */

/* Begin PBXTargetDependency section */
		6B8CA1EB1CE965A90029651C /* PBXTargetDependency */ = {
			isa = PBXTargetDependency;
			target = 6B8CA1CF1CE965A90029651C /* SubLayersDemo */;
			targetProxy = 6B8CA1EA1CE965A90029651C /* PBXContainerItemProxy */;
		};
		6B8CA1F61CE965A90029651C /* PBXTargetDependency */ = {
			isa = PBXTargetDependency;
			target = 6B8CA1CF1CE965A90029651C /* SubLayersDemo */;
			targetProxy = 6B8CA1F51CE965A90029651C /* PBXContainerItemProxy */;
		};
/* End PBXTargetDependency section */

/* Begin PBXVariantGroup section */
		6B8CA1DC1CE965A90029651C /* Main.storyboard */ = {
			isa = PBXVariantGroup;
			children = (
				6B8CA1DD1CE965A90029651C /* Base */,
			);
			name = Main.storyboard;
			sourceTree = "<group>";
		};
		6B8CA1E11CE965A90029651C /* LaunchScreen.storyboard */ = {
			isa = PBXVariantGroup;
			children = (
				6B8CA1E21CE965A90029651C /* Base */,
			);
			name = LaunchScreen.storyboard;
			sourceTree = "<group>";
		};
/* End PBXVariantGroup section */

/* Begin XCBuildConfiguration section */
		6B8CA1FB1CE965A90029651C /* Debug */ = {
			isa = XCBuildConfiguration;
			buildSettings = {
				ALWAYS_SEARCH_USER_PATHS = NO;
				CLANG_ANALYZER_NONNULL = YES;
				CLANG_CXX_LANGUAGE_STANDARD = "gnu++0x";
				CLANG_CXX_LIBRARY = "libc++";
				CLANG_ENABLE_MODULES = YES;
				CLANG_ENABLE_OBJC_ARC = YES;
				CLANG_WARN_BOOL_CONVERSION = YES;
				CLANG_WARN_CONSTANT_CONVERSION = YES;
				CLANG_WARN_DIRECT_OBJC_ISA_USAGE = YES_ERROR;
				CLANG_WARN_EMPTY_BODY = YES;
				CLANG_WARN_ENUM_CONVERSION = YES;
				CLANG_WARN_INT_CONVERSION = YES;
				CLANG_WARN_OBJC_ROOT_CLASS = YES_ERROR;
				CLANG_WARN_UNREACHABLE_CODE = YES;
				CLANG_WARN__DUPLICATE_METHOD_MATCH = YES;
				"CODE_SIGN_IDENTITY[sdk=iphoneos*]" = "iPhone Developer";
				COPY_PHASE_STRIP = NO;
				DEBUG_INFORMATION_FORMAT = dwarf;
				ENABLE_STRICT_OBJC_MSGSEND = YES;
				ENABLE_TESTABILITY = YES;
				GCC_C_LANGUAGE_STANDARD = gnu99;
				GCC_DYNAMIC_NO_PIC = NO;
				GCC_NO_COMMON_BLOCKS = YES;
				GCC_OPTIMIZATION_LEVEL = 0;
				GCC_PREPROCESSOR_DEFINITIONS = (
					"DEBUG=1",
					"$(inherited)",
				);
				GCC_WARN_64_TO_32_BIT_CONVERSION = YES;
				GCC_WARN_ABOUT_RETURN_TYPE = YES_ERROR;
				GCC_WARN_UNDECLARED_SELECTOR = YES;
				GCC_WARN_UNINITIALIZED_AUTOS = YES_AGGRESSIVE;
				GCC_WARN_UNUSED_FUNCTION = YES;
				GCC_WARN_UNUSED_VARIABLE = YES;
				IPHONEOS_DEPLOYMENT_TARGET = 9.3;
				MTL_ENABLE_DEBUG_INFO = YES;
				ONLY_ACTIVE_ARCH = YES;
				SDKROOT = iphoneos;
			};
			name = Debug;
		};
		6B8CA1FC1CE965A90029651C /* Release */ = {
			isa = XCBuildConfiguration;
			buildSettings = {
				ALWAYS_SEARCH_USER_PATHS = NO;
				CLANG_ANALYZER_NONNULL = YES;
				CLANG_CXX_LANGUAGE_STANDARD = "gnu++0x";
				CLANG_CXX_LIBRARY = "libc++";
				CLANG_ENABLE_MODULES = YES;
				CLANG_ENABLE_OBJC_ARC = YES;
				CLANG_WARN_BOOL_CONVERSION = YES;
				CLANG_WARN_CONSTANT_CONVERSION = YES;
				CLANG_WARN_DIRECT_OBJC_ISA_USAGE = YES_ERROR;
				CLANG_WARN_EMPTY_BODY = YES;
				CLANG_WARN_ENUM_CONVERSION = YES;
				CLANG_WARN_INT_CONVERSION = YES;
				CLANG_WARN_OBJC_ROOT_CLASS = YES_ERROR;
				CLANG_WARN_UNREACHABLE_CODE = YES;
				CLANG_WARN__DUPLICATE_METHOD_MATCH = YES;
				"CODE_SIGN_IDENTITY[sdk=iphoneos*]" = "iPhone Developer";
				COPY_PHASE_STRIP = NO;
				DEBUG_INFORMATION_FORMAT = "dwarf-with-dsym";
				ENABLE_NS_ASSERTIONS = NO;
				ENABLE_STRICT_OBJC_MSGSEND = YES;
				GCC_C_LANGUAGE_STANDARD = gnu99;
				GCC_NO_COMMON_BLOCKS = YES;
				GCC_WARN_64_TO_32_BIT_CONVERSION = YES;
				GCC_WARN_ABOUT_RETURN_TYPE = YES_ERROR;
				GCC_WARN_UNDECLARED_SELECTOR = YES;
				GCC_WARN_UNINITIALIZED_AUTOS = YES_AGGRESSIVE;
				GCC_WARN_UNUSED_FUNCTION = YES;
				GCC_WARN_UNUSED_VARIABLE = YES;
				IPHONEOS_DEPLOYMENT_TARGET = 9.3;
				MTL_ENABLE_DEBUG_INFO = NO;
				SDKROOT = iphoneos;
				VALIDATE_PRODUCT = YES;
			};
			name = Release;
		};
		6B8CA1FE1CE965AA0029651C /* Debug */ = {
			isa = XCBuildConfiguration;
			buildSettings = {
				ASSETCATALOG_COMPILER_APPICON_NAME = AppIcon;
				CODE_SIGN_IDENTITY = "iPhone Developer";
				INFOPLIST_FILE = SubLayersDemo/Info.plist;
				LD_RUNPATH_SEARCH_PATHS = "$(inherited) @executable_path/Frameworks";
				PRODUCT_BUNDLE_IDENTIFIER = cn.com.dreamtouch.SubLayersDemo;
				PRODUCT_NAME = "$(TARGET_NAME)";
			};
			name = Debug;
		};
		6B8CA1FF1CE965AA0029651C /* Release */ = {
			isa = XCBuildConfiguration;
			buildSettings = {
				ASSETCATALOG_COMPILER_APPICON_NAME = AppIcon;
				CODE_SIGN_IDENTITY = "iPhone Developer";
				INFOPLIST_FILE = SubLayersDemo/Info.plist;
				LD_RUNPATH_SEARCH_PATHS = "$(inherited) @executable_path/Frameworks";
				PRODUCT_BUNDLE_IDENTIFIER = cn.com.dreamtouch.SubLayersDemo;
				PRODUCT_NAME = "$(TARGET_NAME)";
			};
			name = Release;
		};
		6B8CA2011CE965AA0029651C /* Debug */ = {
			isa = XCBuildConfiguration;
			buildSettings = {
				BUNDLE_LOADER = "$(TEST_HOST)";
				INFOPLIST_FILE = SubLayersDemoTests/Info.plist;
				LD_RUNPATH_SEARCH_PATHS = "$(inherited) @executable_path/Frameworks @loader_path/Frameworks";
				PRODUCT_BUNDLE_IDENTIFIER = cn.com.dreamtouch.SubLayersDemoTests;
				PRODUCT_NAME = "$(TARGET_NAME)";
				TEST_HOST = "$(BUILT_PRODUCTS_DIR)/SubLayersDemo.app/SubLayersDemo";
			};
			name = Debug;
		};
		6B8CA2021CE965AA0029651C /* Release */ = {
			isa = XCBuildConfiguration;
			buildSettings = {
				BUNDLE_LOADER = "$(TEST_HOST)";
				INFOPLIST_FILE = SubLayersDemoTests/Info.plist;
				LD_RUNPATH_SEARCH_PATHS = "$(inherited) @executable_path/Frameworks @loader_path/Frameworks";
				PRODUCT_BUNDLE_IDENTIFIER = cn.com.dreamtouch.SubLayersDemoTests;
				PRODUCT_NAME = "$(TARGET_NAME)";
				TEST_HOST = "$(BUILT_PRODUCTS_DIR)/SubLayersDemo.app/SubLayersDemo";
			};
			name = Release;
		};
		6B8CA2041CE965AA0029651C /* Debug */ = {
			isa = XCBuildConfiguration;
			buildSettings = {
				INFOPLIST_FILE = SubLayersDemoUITests/Info.plist;
				LD_RUNPATH_SEARCH_PATHS = "$(inherited) @executable_path/Frameworks @loader_path/Frameworks";
				PRODUCT_BUNDLE_IDENTIFIER = cn.com.dreamtouch.SubLayersDemoUITests;
				PRODUCT_NAME = "$(TARGET_NAME)";
				TEST_TARGET_NAME = SubLayersDemo;
			};
			name = Debug;
		};
		6B8CA2051CE965AA0029651C /* Release */ = {
			isa = XCBuildConfiguration;
			buildSettings = {
				INFOPLIST_FILE = SubLayersDemoUITests/Info.plist;
				LD_RUNPATH_SEARCH_PATHS = "$(inherited) @executable_path/Frameworks @loader_path/Frameworks";
				PRODUCT_BUNDLE_IDENTIFIER = cn.com.dreamtouch.SubLayersDemoUITests;
				PRODUCT_NAME = "$(TARGET_NAME)";
				TEST_TARGET_NAME = SubLayersDemo;
			};
			name = Release;
		};
/* End XCBuildConfiguration section */

/* Begin XCConfigurationList section */
		6B8CA1CB1CE965A90029651C /* Build configuration list for PBXProject "SubLayersDemo" */ = {
			isa = XCConfigurationList;
			buildConfigurations = (
				6B8CA1FB1CE965A90029651C /* Debug */,
				6B8CA1FC1CE965A90029651C /* Release */,
			);
			defaultConfigurationIsVisible = 0;
			defaultConfigurationName = Release;
		};
		6B8CA1FD1CE965AA0029651C /* Build configuration list for PBXNativeTarget "SubLayersDemo" */ = {
			isa = XCConfigurationList;
			buildConfigurations = (
				6B8CA1FE1CE965AA0029651C /* Debug */,
				6B8CA1FF1CE965AA0029651C /* Release */,
			);
			defaultConfigurationIsVisible = 0;
		};
		6B8CA2001CE965AA0029651C /* Build configuration list for PBXNativeTarget "SubLayersDemoTests" */ = {
			isa = XCConfigurationList;
			buildConfigurations = (
				6B8CA2011CE965AA0029651C /* Debug */,
				6B8CA2021CE965AA0029651C /* Release */,
			);
			defaultConfigurationIsVisible = 0;
		};
		6B8CA2031CE965AA0029651C /* Build configuration list for PBXNativeTarget "SubLayersDemoUITests" */ = {
			isa = XCConfigurationList;
			buildConfigurations = (
				6B8CA2041CE965AA0029651C /* Debug */,
				6B8CA2051CE965AA0029651C /* Release */,
			);
			defaultConfigurationIsVisible = 0;
		};
/* End XCConfigurationList section */
	};
	rootObject = 6B8CA1C81CE965A90029651C /* Project object */;
}
